<Solution>
  <Folder Name="/src/">
    <Project Path="src/ArchitectPortfolio.AppHost/ArchitectPortfolio.AppHost.csproj" Id="2ab96954-eaf2-42c2-8a33-99163a63111c" />
    <Project Path="src/ArchitectPortfolio.ServiceDefaults/ArchitectPortfolio.ServiceDefaults.csproj" />
    <Project Path="src/Shared/Station.Logging/Station.Logging.csproj" />
  </Folder>
  <Folder Name="/src/StationAI/">
    <Project Path="src/StationAI/StationAI.Functions/StationAI.Functions.csproj" />
    <Project Path="src/StationAI/StationAI/StationAI.csproj" />
    <Project Path="src/StationAI/StationAI.Tests/StationAI.Tests.csproj" />
  </Folder>
  <Folder Name="/src/StationShipManifestLogger/">
    <Project Path="src/StationShipManifestLogger/StationShipManifestLogger/StationShipManifestLogger.csproj" />
    <Project Path="src/StationShipManifestLogger/StationShipManifestLogger.Tests/StationShipManifestLogger.Tests.csproj" />
  </Folder>
</Solution>
